<?xml version="1.0" encoding="utf-8"?>
<Project ToolsVersion="4.0" xmlns="http://schemas.microsoft.com/developer/msbuild/2003">
  <ItemGroup>
    <Filter Include="Source Files">
      <UniqueIdentifier>{7487fe20-3b67-44d7-81fb-a65b09695d1f}</UniqueIdentifier>
      <Extensions>cpp;c;cxx;rc;def;r;odl;hpj;bat;for;f90</Extensions>
    </Filter>
    <Filter Include="Header Files">
      <UniqueIdentifier>{31475202-09c5-4f62-90c4-c84844662e28}</UniqueIdentifier>
      <Extensions>h;hpp;hxx;hm;inl;fi;fd</Extensions>
    </Filter>
    <Filter Include="Resource Files">
      <UniqueIdentifier>{0bccf2ce-e11f-48b1-a9c9-f24c80e83ec2}</UniqueIdentifier>
      <Extensions>ico;cur;bmp;dlg;rc2;rct;bin;cnt;rtf;gif;jpg;jpeg;jpe</Extensions>
    </Filter>
  </ItemGroup>
  <ItemGroup>
    <ClCompile Include="cursor.c">
      <Filter>Source Files</Filter>
    </ClCompile>
    <ClCompile Include="ddeserv.c">
      <Filter>Source Files</Filter>
    </ClCompile>
    <ClCompile Include="debugger.c">
      <Filter>Source Files</Filter>
    </ClCompile>
    <ClCompile Include="disasm.c">
      <Filter>Source Files</Filter>
    </ClCompile>
    <ClCompile Include="dismem.c">
      <Filter>Source Files</Filter>
    </ClCompile>
    <ClCompile Include="display.c">
      <Filter>Source Files</Filter>
    </ClCompile>
    <ClCompile Include="disrpl.c">
      <Filter>Source Files</Filter>
    </ClCompile>
    <ClCompile Include="Emu48.c">
      <Filter>Source Files</Filter>
    </ClCompile>
    <ClCompile Include="engine.c">
      <Filter>Source Files</Filter>
    </ClCompile>
    <ClCompile Include="fetch.c">
      <Filter>Source Files</Filter>
    </ClCompile>
    <ClCompile Include="files.c">
      <Filter>Source Files</Filter>
    </ClCompile>
    <ClCompile Include="i28f160.c">
      <Filter>Source Files</Filter>
    </ClCompile>
    <ClCompile Include="keyboard.c">
      <Filter>Source Files</Filter>
    </ClCompile>
    <ClCompile Include="keymacro.c">
      <Filter>Source Files</Filter>
    </ClCompile>
    <ClCompile Include="kml.c">
      <Filter>Source Files</Filter>
    </ClCompile>
    <ClCompile Include="lodepng.c">
      <Filter>Source Files</Filter>
    </ClCompile>
    <ClCompile Include="lowbat.c">
      <Filter>Source Files</Filter>
    </ClCompile>
    <ClCompile Include="mops.c">
      <Filter>Source Files</Filter>
    </ClCompile>
    <ClCompile Include="mru.c">
      <Filter>Source Files</Filter>
    </ClCompile>
    <ClCompile Include="opcodes.c">
      <Filter>Source Files</Filter>
    </ClCompile>
    <ClCompile Include="pch.c">
      <Filter>Source Files</Filter>
    </ClCompile>
    <ClCompile Include="redeye.c">
      <Filter>Source Files</Filter>
    </ClCompile>
    <ClCompile Include="rpl.c">
      <Filter>Source Files</Filter>
    </ClCompile>
    <ClCompile Include="serial.c">
      <Filter>Source Files</Filter>
    </ClCompile>
    <ClCompile Include="settings.c">
      <Filter>Source Files</Filter>
    </ClCompile>
    <ClCompile Include="sndenum.c">
      <Filter>Source Files</Filter>
    </ClCompile>
    <ClCompile Include="sound.c">
      <Filter>Source Files</Filter>
    </ClCompile>
    <ClCompile Include="stack.c">
      <Filter>Source Files</Filter>
    </ClCompile>
    <ClCompile Include="symbfile.c">
      <Filter>Source Files</Filter>
    </ClCompile>
    <ClCompile Include="timer.c">
      <Filter>Source Files</Filter>
    </ClCompile>
    <ClCompile Include="udp.c">
      <Filter>Source Files</Filter>
    </ClCompile>
  </ItemGroup>
  <ItemGroup>
    <ResourceCompile Include="Emu48.rc">
      <Filter>Source Files</Filter>
    </ResourceCompile>
  </ItemGroup>
  <ItemGroup>
    <ClInclude Include="color.h">
      <Filter>Header Files</Filter>
    </ClInclude>
    <ClInclude Include="debugger.h">
      <Filter>Header Files</Filter>
    </ClInclude>
    <ClInclude Include="disrpl.h">
      <Filter>Header Files</Filter>
    </ClInclude>
    <ClInclude Include="Emu48.h">
      <Filter>Header Files</Filter>
    </ClInclude>
    <ClInclude Include="i28f160.h">
      <Filter>Header Files</Filter>
    </ClInclude>
    <ClInclude Include="io.h">
      <Filter>Header Files</Filter>
    </ClInclude>
    <ClInclude Include="kml.h">
      <Filter>Header Files</Filter>
    </ClInclude>
    <ClInclude Include="lodepng.h">
      <Filter>Header Files</Filter>
    </ClInclude>
    <ClInclude Include="opcodes.h">
      <Filter>Header Files</Filter>
    </ClInclude>
    <ClInclude Include="ops.h">
      <Filter>Header Files</Filter>
    </ClInclude>
    <ClInclude Include="pch.h">
      <Filter>Header Files</Filter>
    </ClInclude>
    <ClInclude Include="snddef.h">
      <Filter>Header Files</Filter>
    </ClInclude>
    <ClInclude Include="types.h">
      <Filter>Header Files</Filter>
    </ClInclude>
  </ItemGroup>
  <ItemGroup>
    <Image Include="CHECKBOX.BMP">
      <Filter>Resource Files</Filter>
    </Image>
    <Image Include="DBGTOOL.BMP">
      <Filter>Resource Files</Filter>
    </Image>
    <Image Include="Emu48.ico">
      <Filter>Resource Files</Filter>
    </Image>
  </ItemGroup>
</Project>